Microsoft Visual Studio Solution File, Format Version 11.00
# Visual Studio 2008

Project("{693A9FDD-4C2F-D070-0968-FBA0D07FF3C0}") = "a2", "Assembly-CSharp-vs.csproj", "{79F6C7B7-8542-7DB9-24E8-E1BE63F5987B}"
EndProject
Global
	GlobalSection(SolutionConfigurationPlatforms) = preSolution
		Debug|Any CPU = Debug|Any CPU
		Release|Any CPU = Release|Any CPU
	EndGlobalSection
	GlobalSection(ProjectConfigurationPlatforms) = postSolution
		{79F6C7B7-8542-7DB9-24E8-E1BE63F5987B}.Debug|Any CPU.ActiveCfg = Debug|Any CPU
		{79F6C7B7-8542-7DB9-24E8-E1BE63F5987B}.Debug|Any CPU.Build.0 = Debug|Any CPU
		{79F6C7B7-8542-7DB9-24E8-E1BE63F5987B}.Release|Any CPU.ActiveCfg = Release|Any CPU
		{79F6C7B7-8542-7DB9-24E8-E1BE63F5987B}.Release|Any CPU.Build.0 = Release|Any CPU
	EndGlobalSection
	GlobalSection(SolutionProperties) = preSolution
		HideSolutionNode = FALSE
	EndGlobalSection
																															GlobalSection(MonoDevelopProperties) = preSolution
		StartupItem = Assembly-CSharp.csproj
		Policies = $0
		$0.TextStylePolicy = $1
		$1.inheritsSet = null
		$1.scope = text/x-csharp
		$0.CSharpFormattingPolicy = $2
		$2.inheritsSet = Mono
		$2.inheritsScope = text/x-csharp
		$2.scope = text/x-csharp
		$0.TextStylePolicy = $3
		$3.FileWidth = 120
		$3.TabWidth = 4
		$3.EolMarker = Unix
		$3.inheritsSet = Mono
		$3.inheritsScope = text/plain
		$3.scope = text/plain
	EndGlobalSection

EndGlobal
